Microsoft Visual Studio Solution File, Format Version 12.00
# Visual Studio Version 17
VisualStudioVersion = 17.5.2.0
MinimumVisualStudioVersion = 10.0.40219.1
Project("{FAE04EC0-301F-11D3-BF4B-00C04F79EFBC}") = "QuanlyquanCafe", "QuanlyquanCafe.csproj", "{FE5D504E-BFB6-FF81-5AF8-76BB0F2A5E27}"
EndProject
Global
	GlobalSection(SolutionConfigurationPlatforms) = preSolution
		Debug|Any CPU = Debug|Any CPU
		Release|Any CPU = Release|Any CPU
	EndGlobalSection
	GlobalSection(ProjectConfigurationPlatforms) = postSolution
		{FE5D504E-BFB6-FF81-5AF8-76BB0F2A5E27}.Debug|Any CPU.ActiveCfg = Debug|Any CPU
		{FE5D504E-BFB6-FF81-5AF8-76BB0F2A5E27}.Debug|Any CPU.Build.0 = Debug|Any CPU
		{FE5D504E-BFB6-FF81-5AF8-76BB0F2A5E27}.Release|Any CPU.ActiveCfg = Release|Any CPU
		{FE5D504E-BFB6-FF81-5AF8-76BB0F2A5E27}.Release|Any CPU.Build.0 = Release|Any CPU
	EndGlobalSection
	GlobalSection(SolutionProperties) = preSolution
		HideSolutionNode = FALSE
	EndGlobalSection
	GlobalSection(ExtensibilityGlobals) = postSolution
		SolutionGuid = {0CC25198-84A5-4E26-8686-651F8CFEB7FF}
	EndGlobalSection
EndGlobal
